{
    "_readme": [
        "This file locks the dependencies of your project to a known state",
        "Read more about it at https://getcomposer.org/doc/01-basic-usage.md#installing-dependencies",
        "This file is @generated automatically"
    ],
    "content-hash": "64e51641794bb85a21b34b1c898eaae8",
    "packages": [
        {
            "name": "vagrant/a-repo",
            "version": "dev-master",
            "source": {
                "type": "git",
                "url": "git@bitbucket.org:webmakers/a-repo.git",
                "reference": "2a205751126045c7e4416cf5c05d52c3fe1a2fe4"
            },
            "type": "library",
            "time": "2018-10-26T21:09:33+00:00"
        },
        {
            "name": "vagrant/b-repo",
            "version": "dev-master",
            "source": {
                "type": "git",
                "url": "git@bitbucket.org:webmakers/b-repo.git",
                "reference": "6b40f687a5c22fd44d26b08250a78b43f8eecc57"
            },
            "type": "library",
            "time": "2018-10-26T21:18:59+00:00"
        }
    ],
    "packages-dev": [],
    "aliases": [],
    "minimum-stability": "dev",
    "stability-flags": {
        "vagrant/a-repo": 20,
        "vagrant/b-repo": 20
    },
    "prefer-stable": false,
    "prefer-lowest": false,
    "platform": [],
    "platform-dev": []
}
